
Microsoft Visual Studio Solution File, Format Version 11.00
# Visual Basic Express 2010
Project("{F184B08F-C81C-45F6-A57F-5ABD9991F28F}") = "M4x0uBot", "M4x0uBot.vbproj", "{E00D282F-065C-4F7E-AA58-6A4BA22FE375}"
EndProject
Global
	GlobalSection(SolutionConfigurationPlatforms) = preSolution
		Debug|Any CPU = Debug|Any CPU
		Release|Any CPU = Release|Any CPU
	EndGlobalSection
	GlobalSection(ProjectConfigurationPlatforms) = postSolution
		{E00D282F-065C-4F7E-AA58-6A4BA22FE375}.Debug|Any CPU.ActiveCfg = Debug|Any CPU
		{E00D282F-065C-4F7E-AA58-6A4BA22FE375}.Debug|Any CPU.Build.0 = Debug|Any CPU
		{E00D282F-065C-4F7E-AA58-6A4BA22FE375}.Release|Any CPU.ActiveCfg = Release|Any CPU
		{E00D282F-065C-4F7E-AA58-6A4BA22FE375}.Release|Any CPU.Build.0 = Release|Any CPU
	EndGlobalSection
	GlobalSection(SolutionProperties) = preSolution
		HideSolutionNode = FALSE
	EndGlobalSection
EndGlobal
